// !$*UTF8*$!
{
	archiveVersion = 1;
	classes = {
	};
	objectVersion = 52;
	objects = {

/* Begin PBXBuildFile section */
		6C2A3D7C25ECC8A200E53334 /* SwiftUI_REALMApp.swift in Sources */ = {isa = PBXBuildFile; fileRef = 6C2A3D7B25ECC8A200E53334 /* SwiftUI_REALMApp.swift */; };
		6C2A3D7E25ECC8A200E53334 /* ContentView.swift in Sources */ = {isa = PBXBuildFile; fileRef = 6C2A3D7D25ECC8A200E53334 /* ContentView.swift */; };
		6C2A3D8025ECC8A300E53334 /* Assets.xcassets in Resources */ = {isa = PBXBuildFile; fileRef = 6C2A3D7F25ECC8A300E53334 /* Assets.xcassets */; };
		6C2A3D8325ECC8A300E53334 /* Preview Assets.xcassets in Resources */ = {isa = PBXBuildFile; fileRef = 6C2A3D8225ECC8A300E53334 /* Preview Assets.xcassets */; };
		6C2A3D8D25ECCA5700E53334 /* Realm in Frameworks */ = {isa = PBXBuildFile; productRef = 6C2A3D8C25ECCA5700E53334 /* Realm */; };
		6C2A3D8F25ECCA5700E53334 /* RealmSwift in Frameworks */ = {isa = PBXBuildFile; productRef = 6C2A3D8E25ECCA5700E53334 /* RealmSwift */; };
		6C2A3D9325ECCAA900E53334 /* RealmPersistenceInitializer.swift in Sources */ = {isa = PBXBuildFile; fileRef = 6C2A3D9225ECCAA900E53334 /* RealmPersistenceInitializer.swift */; };
		6C2A3D9825ECCB3600E53334 /* ShoppingItemDB.swift in Sources */ = {isa = PBXBuildFile; fileRef = 6C2A3D9725ECCB3600E53334 /* ShoppingItemDB.swift */; };
		6C2A3D9C25ECCFFD00E53334 /* ShoppingItem.swift in Sources */ = {isa = PBXBuildFile; fileRef = 6C2A3D9B25ECCFFD00E53334 /* ShoppingItem.swift */; };
		6C2A3D9F25ECD0EC00E53334 /* ShoppingItemStore.swift in Sources */ = {isa = PBXBuildFile; fileRef = 6C2A3D9E25ECD0EC00E53334 /* ShoppingItemStore.swift */; };
		6C2A3DA325ECD62A00E53334 /* ShoppingForm.swift in Sources */ = {isa = PBXBuildFile; fileRef = 6C2A3DA225ECD62A00E53334 /* ShoppingForm.swift */; };
		6C2A3DA825ECD6CA00E53334 /* ShoppingFormView.swift in Sources */ = {isa = PBXBuildFile; fileRef = 6C2A3DA725ECD6CA00E53334 /* ShoppingFormView.swift */; };
		6C2A3DAC25ECD92E00E53334 /* ShoppingItemRow.swift in Sources */ = {isa = PBXBuildFile; fileRef = 6C2A3DAB25ECD92E00E53334 /* ShoppingItemRow.swift */; };
		6C2A3DB325ECDB2000E53334 /* ShoppingItemListView.swift in Sources */ = {isa = PBXBuildFile; fileRef = 6C2A3DB225ECDB2000E53334 /* ShoppingItemListView.swift */; };
/* End PBXBuildFile section */

/* Begin PBXFileReference section */
		6C2A3D7825ECC8A200E53334 /* SwiftUI_REALM.app */ = {isa = PBXFileReference; explicitFileType = wrapper.application; includeInIndex = 0; path = SwiftUI_REALM.app; sourceTree = BUILT_PRODUCTS_DIR; };
		6C2A3D7B25ECC8A200E53334 /* SwiftUI_REALMApp.swift */ = {isa = PBXFileReference; lastKnownFileType = sourcecode.swift; path = SwiftUI_REALMApp.swift; sourceTree = "<group>"; };
		6C2A3D7D25ECC8A200E53334 /* ContentView.swift */ = {isa = PBXFileReference; lastKnownFileType = sourcecode.swift; path = ContentView.swift; sourceTree = "<group>"; };
		6C2A3D7F25ECC8A300E53334 /* Assets.xcassets */ = {isa = PBXFileReference; lastKnownFileType = folder.assetcatalog; path = Assets.xcassets; sourceTree = "<group>"; };
		6C2A3D8225ECC8A300E53334 /* Preview Assets.xcassets */ = {isa = PBXFileReference; lastKnownFileType = folder.assetcatalog; path = "Preview Assets.xcassets"; sourceTree = "<group>"; };
		6C2A3D8425ECC8A300E53334 /* Info.plist */ = {isa = PBXFileReference; lastKnownFileType = text.plist.xml; path = Info.plist; sourceTree = "<group>"; };
		6C2A3D9225ECCAA900E53334 /* RealmPersistenceInitializer.swift */ = {isa = PBXFileReference; lastKnownFileType = sourcecode.swift; path = RealmPersistenceInitializer.swift; sourceTree = "<group>"; };
		6C2A3D9725ECCB3600E53334 /* ShoppingItemDB.swift */ = {isa = PBXFileReference; lastKnownFileType = sourcecode.swift; path = ShoppingItemDB.swift; sourceTree = "<group>"; };
		6C2A3D9B25ECCFFD00E53334 /* ShoppingItem.swift */ = {isa = PBXFileReference; lastKnownFileType = sourcecode.swift; path = ShoppingItem.swift; sourceTree = "<group>"; };
		6C2A3D9E25ECD0EC00E53334 /* ShoppingItemStore.swift */ = {isa = PBXFileReference; lastKnownFileType = sourcecode.swift; path = ShoppingItemStore.swift; sourceTree = "<group>"; };
		6C2A3DA225ECD62A00E53334 /* ShoppingForm.swift */ = {isa = PBXFileReference; lastKnownFileType = sourcecode.swift; path = ShoppingForm.swift; sourceTree = "<group>"; };
		6C2A3DA725ECD6CA00E53334 /* ShoppingFormView.swift */ = {isa = PBXFileReference; lastKnownFileType = sourcecode.swift; path = ShoppingFormView.swift; sourceTree = "<group>"; };
		6C2A3DAB25ECD92E00E53334 /* ShoppingItemRow.swift */ = {isa = PBXFileReference; lastKnownFileType = sourcecode.swift; path = ShoppingItemRow.swift; sourceTree = "<group>"; };
		6C2A3DB225ECDB2000E53334 /* ShoppingItemListView.swift */ = {isa = PBXFileReference; lastKnownFileType = sourcecode.swift; path = ShoppingItemListView.swift; sourceTree = "<group>"; };
/* End PBXFileReference section */

/* Begin PBXFrameworksBuildPhase section */
		6C2A3D7525ECC8A200E53334 /* Frameworks */ = {
			isa = PBXFrameworksBuildPhase;
			buildActionMask = 2147483647;
			files = (
				6C2A3D8F25ECCA5700E53334 /* RealmSwift in Frameworks */,
				6C2A3D8D25ECCA5700E53334 /* Realm in Frameworks */,
			);
			runOnlyForDeploymentPostprocessing = 0;
		};
/* End PBXFrameworksBuildPhase section */

/* Begin PBXGroup section */
		6C2A3D6F25ECC8A200E53334 = {
			isa = PBXGroup;
			children = (
				6C2A3DA625ECD6B400E53334 /* Views */,
				6C2A3DA125ECD61000E53334 /* ViewModels */,
				6C2A3D7A25ECC8A200E53334 /* SwiftUI_REALM */,
				6C2A3D7925ECC8A200E53334 /* Products */,
			);
			sourceTree = "<group>";
		};
		6C2A3D7925ECC8A200E53334 /* Products */ = {
			isa = PBXGroup;
			children = (
				6C2A3D7825ECC8A200E53334 /* SwiftUI_REALM.app */,
			);
			name = Products;
			sourceTree = "<group>";
		};
		6C2A3D7A25ECC8A200E53334 /* SwiftUI_REALM */ = {
			isa = PBXGroup;
			children = (
				6C2A3D9625ECCB2000E53334 /* Models */,
				6C2A3D9125ECCA8900E53334 /* RealmDB */,
				6C2A3D7B25ECC8A200E53334 /* SwiftUI_REALMApp.swift */,
				6C2A3D7F25ECC8A300E53334 /* Assets.xcassets */,
				6C2A3D8425ECC8A300E53334 /* Info.plist */,
				6C2A3D8125ECC8A300E53334 /* Preview Content */,
			);
			path = SwiftUI_REALM;
			sourceTree = "<group>";
		};
		6C2A3D8125ECC8A300E53334 /* Preview Content */ = {
			isa = PBXGroup;
			children = (
				6C2A3D8225ECC8A300E53334 /* Preview Assets.xcassets */,
			);
			path = "Preview Content";
			sourceTree = "<group>";
		};
		6C2A3D9125ECCA8900E53334 /* RealmDB */ = {
			isa = PBXGroup;
			children = (
				6C2A3D9225ECCAA900E53334 /* RealmPersistenceInitializer.swift */,
			);
			path = RealmDB;
			sourceTree = "<group>";
		};
		6C2A3D9625ECCB2000E53334 /* Models */ = {
			isa = PBXGroup;
			children = (
				6C2A3D9725ECCB3600E53334 /* ShoppingItemDB.swift */,
				6C2A3D9B25ECCFFD00E53334 /* ShoppingItem.swift */,
				6C2A3D9E25ECD0EC00E53334 /* ShoppingItemStore.swift */,
			);
			path = Models;
			sourceTree = "<group>";
		};
		6C2A3DA125ECD61000E53334 /* ViewModels */ = {
			isa = PBXGroup;
			children = (
				6C2A3DA225ECD62A00E53334 /* ShoppingForm.swift */,
			);
			path = ViewModels;
			sourceTree = "<group>";
		};
		6C2A3DA625ECD6B400E53334 /* Views */ = {
			isa = PBXGroup;
			children = (
				6C2A3D7D25ECC8A200E53334 /* ContentView.swift */,
				6C2A3DB225ECDB2000E53334 /* ShoppingItemListView.swift */,
				6C2A3DAB25ECD92E00E53334 /* ShoppingItemRow.swift */,
				6C2A3DA725ECD6CA00E53334 /* ShoppingFormView.swift */,
			);
			path = Views;
			sourceTree = "<group>";
		};
/* End PBXGroup section */

/* Begin PBXNativeTarget section */
		6C2A3D7725ECC8A200E53334 /* SwiftUI_REALM */ = {
			isa = PBXNativeTarget;
			buildConfigurationList = 6C2A3D8725ECC8A300E53334 /* Build configuration list for PBXNativeTarget "SwiftUI_REALM" */;
			buildPhases = (
				6C2A3D7425ECC8A200E53334 /* Sources */,
				6C2A3D7525ECC8A200E53334 /* Frameworks */,
				6C2A3D7625ECC8A200E53334 /* Resources */,
			);
			buildRules = (
			);
			dependencies = (
			);
			name = SwiftUI_REALM;
			packageProductDependencies = (
				6C2A3D8C25ECCA5700E53334 /* Realm */,
				6C2A3D8E25ECCA5700E53334 /* RealmSwift */,
			);
			productName = SwiftUI_REALM;
			productReference = 6C2A3D7825ECC8A200E53334 /* SwiftUI_REALM.app */;
			productType = "com.apple.product-type.application";
		};
/* End PBXNativeTarget section */

/* Begin PBXProject section */
		6C2A3D7025ECC8A200E53334 /* Project object */ = {
			isa = PBXProject;
			attributes = {
				LastSwiftUpdateCheck = 1240;
				LastUpgradeCheck = 1240;
				TargetAttributes = {
					6C2A3D7725ECC8A200E53334 = {
						CreatedOnToolsVersion = 12.4;
					};
				};
			};
			buildConfigurationList = 6C2A3D7325ECC8A200E53334 /* Build configuration list for PBXProject "SwiftUI_REALM" */;
			compatibilityVersion = "Xcode 9.3";
			developmentRegion = en;
			hasScannedForEncodings = 0;
			knownRegions = (
				en,
				Base,
			);
			mainGroup = 6C2A3D6F25ECC8A200E53334;
			packageReferences = (
				6C2A3D8B25ECCA5700E53334 /* XCRemoteSwiftPackageReference "realm-cocoa" */,
			);
			productRefGroup = 6C2A3D7925ECC8A200E53334 /* Products */;
			projectDirPath = "";
			projectRoot = "";
			targets = (
				6C2A3D7725ECC8A200E53334 /* SwiftUI_REALM */,
			);
		};
/* End PBXProject section */

/* Begin PBXResourcesBuildPhase section */
		6C2A3D7625ECC8A200E53334 /* Resources */ = {
			isa = PBXResourcesBuildPhase;
			buildActionMask = 2147483647;
			files = (
				6C2A3D8325ECC8A300E53334 /* Preview Assets.xcassets in Resources */,
				6C2A3D8025ECC8A300E53334 /* Assets.xcassets in Resources */,
			);
			runOnlyForDeploymentPostprocessing = 0;
		};
/* End PBXResourcesBuildPhase section */

/* Begin PBXSourcesBuildPhase section */
		6C2A3D7425ECC8A200E53334 /* Sources */ = {
			isa = PBXSourcesBuildPhase;
			buildActionMask = 2147483647;
			files = (
				6C2A3DAC25ECD92E00E53334 /* ShoppingItemRow.swift in Sources */,
				6C2A3DA825ECD6CA00E53334 /* ShoppingFormView.swift in Sources */,
				6C2A3D9F25ECD0EC00E53334 /* ShoppingItemStore.swift in Sources */,
				6C2A3DB325ECDB2000E53334 /* ShoppingItemListView.swift in Sources */,
				6C2A3D9825ECCB3600E53334 /* ShoppingItemDB.swift in Sources */,
				6C2A3D7E25ECC8A200E53334 /* ContentView.swift in Sources */,
				6C2A3D9325ECCAA900E53334 /* RealmPersistenceInitializer.swift in Sources */,
				6C2A3D9C25ECCFFD00E53334 /* ShoppingItem.swift in Sources */,
				6C2A3DA325ECD62A00E53334 /* ShoppingForm.swift in Sources */,
				6C2A3D7C25ECC8A200E53334 /* SwiftUI_REALMApp.swift in Sources */,
			);
			runOnlyForDeploymentPostprocessing = 0;
		};
/* End PBXSourcesBuildPhase section */

/* Begin XCBuildConfiguration section */
		6C2A3D8525ECC8A300E53334 /* Debug */ = {
			isa = XCBuildConfiguration;
			buildSettings = {
				ALWAYS_SEARCH_USER_PATHS = NO;
				CLANG_ANALYZER_NONNULL = YES;
				CLANG_ANALYZER_NUMBER_OBJECT_CONVERSION = YES_AGGRESSIVE;
				CLANG_CXX_LANGUAGE_STANDARD = "gnu++14";
				CLANG_CXX_LIBRARY = "libc++";
				CLANG_ENABLE_MODULES = YES;
				CLANG_ENABLE_OBJC_ARC = YES;
				CLANG_ENABLE_OBJC_WEAK = YES;
				CLANG_WARN_BLOCK_CAPTURE_AUTORELEASING = YES;
				CLANG_WARN_BOOL_CONVERSION = YES;
				CLANG_WARN_COMMA = YES;
				CLANG_WARN_CONSTANT_CONVERSION = YES;
				CLANG_WARN_DEPRECATED_OBJC_IMPLEMENTATIONS = YES;
				CLANG_WARN_DIRECT_OBJC_ISA_USAGE = YES_ERROR;
				CLANG_WARN_DOCUMENTATION_COMMENTS = YES;
				CLANG_WARN_EMPTY_BODY = YES;
				CLANG_WARN_ENUM_CONVERSION = YES;
				CLANG_WARN_INFINITE_RECURSION = YES;
				CLANG_WARN_INT_CONVERSION = YES;
				CLANG_WARN_NON_LITERAL_NULL_CONVERSION = YES;
				CLANG_WARN_OBJC_IMPLICIT_RETAIN_SELF = YES;
				CLANG_WARN_OBJC_LITERAL_CONVERSION = YES;
				CLANG_WARN_OBJC_ROOT_CLASS = YES_ERROR;
				CLANG_WARN_QUOTED_INCLUDE_IN_FRAMEWORK_HEADER = YES;
				CLANG_WARN_RANGE_LOOP_ANALYSIS = YES;
				CLANG_WARN_STRICT_PROTOTYPES = YES;
				CLANG_WARN_SUSPICIOUS_MOVE = YES;
				CLANG_WARN_UNGUARDED_AVAILABILITY = YES_AGGRESSIVE;
				CLANG_WARN_UNREACHABLE_CODE = YES;
				CLANG_WARN__DUPLICATE_METHOD_MATCH = YES;
				COPY_PHASE_STRIP = NO;
				DEBUG_INFORMATION_FORMAT = dwarf;
				ENABLE_STRICT_OBJC_MSGSEND = YES;
				ENABLE_TESTABILITY = YES;
				GCC_C_LANGUAGE_STANDARD = gnu11;
				GCC_DYNAMIC_NO_PIC = NO;
				GCC_NO_COMMON_BLOCKS = YES;
				GCC_OPTIMIZATION_LEVEL = 0;
				GCC_PREPROCESSOR_DEFINITIONS = (
					"DEBUG=1",
					"$(inherited)",
				);
				GCC_WARN_64_TO_32_BIT_CONVERSION = YES;
				GCC_WARN_ABOUT_RETURN_TYPE = YES_ERROR;
				GCC_WARN_UNDECLARED_SELECTOR = YES;
				GCC_WARN_UNINITIALIZED_AUTOS = YES_AGGRESSIVE;
				GCC_WARN_UNUSED_FUNCTION = YES;
				GCC_WARN_UNUSED_VARIABLE = YES;
				IPHONEOS_DEPLOYMENT_TARGET = 14.4;
				MTL_ENABLE_DEBUG_INFO = INCLUDE_SOURCE;
				MTL_FAST_MATH = YES;
				ONLY_ACTIVE_ARCH = YES;
				SDKROOT = iphoneos;
				SWIFT_ACTIVE_COMPILATION_CONDITIONS = DEBUG;
				SWIFT_OPTIMIZATION_LEVEL = "-Onone";
			};
			name = Debug;
		};
		6C2A3D8625ECC8A300E53334 /* Release */ = {
			isa = XCBuildConfiguration;
			buildSettings = {
				ALWAYS_SEARCH_USER_PATHS = NO;
				CLANG_ANALYZER_NONNULL = YES;
				CLANG_ANALYZER_NUMBER_OBJECT_CONVERSION = YES_AGGRESSIVE;
				CLANG_CXX_LANGUAGE_STANDARD = "gnu++14";
				CLANG_CXX_LIBRARY = "libc++";
				CLANG_ENABLE_MODULES = YES;
				CLANG_ENABLE_OBJC_ARC = YES;
				CLANG_ENABLE_OBJC_WEAK = YES;
				CLANG_WARN_BLOCK_CAPTURE_AUTORELEASING = YES;
				CLANG_WARN_BOOL_CONVERSION = YES;
				CLANG_WARN_COMMA = YES;
				CLANG_WARN_CONSTANT_CONVERSION = YES;
				CLANG_WARN_DEPRECATED_OBJC_IMPLEMENTATIONS = YES;
				CLANG_WARN_DIRECT_OBJC_ISA_USAGE = YES_ERROR;
				CLANG_WARN_DOCUMENTATION_COMMENTS = YES;
				CLANG_WARN_EMPTY_BODY = YES;
				CLANG_WARN_ENUM_CONVERSION = YES;
				CLANG_WARN_INFINITE_RECURSION = YES;
				CLANG_WARN_INT_CONVERSION = YES;
				CLANG_WARN_NON_LITERAL_NULL_CONVERSION = YES;
				CLANG_WARN_OBJC_IMPLICIT_RETAIN_SELF = YES;
				CLANG_WARN_OBJC_LITERAL_CONVERSION = YES;
				CLANG_WARN_OBJC_ROOT_CLASS = YES_ERROR;
				CLANG_WARN_QUOTED_INCLUDE_IN_FRAMEWORK_HEADER = YES;
				CLANG_WARN_RANGE_LOOP_ANALYSIS = YES;
				CLANG_WARN_STRICT_PROTOTYPES = YES;
				CLANG_WARN_SUSPICIOUS_MOVE = YES;
				CLANG_WARN_UNGUARDED_AVAILABILITY = YES_AGGRESSIVE;
				CLANG_WARN_UNREACHABLE_CODE = YES;
				CLANG_WARN__DUPLICATE_METHOD_MATCH = YES;
				COPY_PHASE_STRIP = NO;
				DEBUG_INFORMATION_FORMAT = "dwarf-with-dsym";
				ENABLE_NS_ASSERTIONS = NO;
				ENABLE_STRICT_OBJC_MSGSEND = YES;
				GCC_C_LANGUAGE_STANDARD = gnu11;
				GCC_NO_COMMON_BLOCKS = YES;
				GCC_WARN_64_TO_32_BIT_CONVERSION = YES;
				GCC_WARN_ABOUT_RETURN_TYPE = YES_ERROR;
				GCC_WARN_UNDECLARED_SELECTOR = YES;
				GCC_WARN_UNINITIALIZED_AUTOS = YES_AGGRESSIVE;
				GCC_WARN_UNUSED_FUNCTION = YES;
				GCC_WARN_UNUSED_VARIABLE = YES;
				IPHONEOS_DEPLOYMENT_TARGET = 14.4;
				MTL_ENABLE_DEBUG_INFO = NO;
				MTL_FAST_MATH = YES;
				SDKROOT = iphoneos;
				SWIFT_COMPILATION_MODE = wholemodule;
				SWIFT_OPTIMIZATION_LEVEL = "-O";
				VALIDATE_PRODUCT = YES;
			};
			name = Release;
		};
		6C2A3D8825ECC8A300E53334 /* Debug */ = {
			isa = XCBuildConfiguration;
			buildSettings = {
				ASSETCATALOG_COMPILER_APPICON_NAME = AppIcon;
				ASSETCATALOG_COMPILER_GLOBAL_ACCENT_COLOR_NAME = AccentColor;
				CODE_SIGN_STYLE = Automatic;
				DEVELOPMENT_ASSET_PATHS = "\"SwiftUI_REALM/Preview Content\"";
				DEVELOPMENT_TEAM = 35W7TZ9DUM;
				ENABLE_PREVIEWS = YES;
				INFOPLIST_FILE = SwiftUI_REALM/Info.plist;
				IPHONEOS_DEPLOYMENT_TARGET = 14.0;
				LD_RUNPATH_SEARCH_PATHS = (
					"$(inherited)",
					"@executable_path/Frameworks",
				);
				PRODUCT_BUNDLE_IDENTIFIER = "com.paigesoftware.vertical-pager.SwiftUI-REALM";
				PRODUCT_NAME = "$(TARGET_NAME)";
				SWIFT_VERSION = 5.0;
				TARGETED_DEVICE_FAMILY = "1,2";
			};
			name = Debug;
		};
		6C2A3D8925ECC8A300E53334 /* Release */ = {
			isa = XCBuildConfiguration;
			buildSettings = {
				ASSETCATALOG_COMPILER_APPICON_NAME = AppIcon;
				ASSETCATALOG_COMPILER_GLOBAL_ACCENT_COLOR_NAME = AccentColor;
				CODE_SIGN_STYLE = Automatic;
				DEVELOPMENT_ASSET_PATHS = "\"SwiftUI_REALM/Preview Content\"";
				DEVELOPMENT_TEAM = 35W7TZ9DUM;
				ENABLE_PREVIEWS = YES;
				INFOPLIST_FILE = SwiftUI_REALM/Info.plist;
				IPHONEOS_DEPLOYMENT_TARGET = 14.0;
				LD_RUNPATH_SEARCH_PATHS = (
					"$(inherited)",
					"@executable_path/Frameworks",
				);
				PRODUCT_BUNDLE_IDENTIFIER = "com.paigesoftware.vertical-pager.SwiftUI-REALM";
				PRODUCT_NAME = "$(TARGET_NAME)";
				SWIFT_VERSION = 5.0;
				TARGETED_DEVICE_FAMILY = "1,2";
			};
			name = Release;
		};
/* End XCBuildConfiguration section */

/* Begin XCConfigurationList section */
		6C2A3D7325ECC8A200E53334 /* Build configuration list for PBXProject "SwiftUI_REALM" */ = {
			isa = XCConfigurationList;
			buildConfigurations = (
				6C2A3D8525ECC8A300E53334 /* Debug */,
				6C2A3D8625ECC8A300E53334 /* Release */,
			);
			defaultConfigurationIsVisible = 0;
			defaultConfigurationName = Release;
		};
		6C2A3D8725ECC8A300E53334 /* Build configuration list for PBXNativeTarget "SwiftUI_REALM" */ = {
			isa = XCConfigurationList;
			buildConfigurations = (
				6C2A3D8825ECC8A300E53334 /* Debug */,
				6C2A3D8925ECC8A300E53334 /* Release */,
			);
			defaultConfigurationIsVisible = 0;
			defaultConfigurationName = Release;
		};
/* End XCConfigurationList section */

/* Begin XCRemoteSwiftPackageReference section */
		6C2A3D8B25ECCA5700E53334 /* XCRemoteSwiftPackageReference "realm-cocoa" */ = {
			isa = XCRemoteSwiftPackageReference;
			repositoryURL = "https://github.com/realm/realm-cocoa.git";
			requirement = {
				kind = upToNextMajorVersion;
				minimumVersion = 10.7.0;
			};
		};
/* End XCRemoteSwiftPackageReference section */

/* Begin XCSwiftPackageProductDependency section */
		6C2A3D8C25ECCA5700E53334 /* Realm */ = {
			isa = XCSwiftPackageProductDependency;
			package = 6C2A3D8B25ECCA5700E53334 /* XCRemoteSwiftPackageReference "realm-cocoa" */;
			productName = Realm;
		};
		6C2A3D8E25ECCA5700E53334 /* RealmSwift */ = {
			isa = XCSwiftPackageProductDependency;
			package = 6C2A3D8B25ECCA5700E53334 /* XCRemoteSwiftPackageReference "realm-cocoa" */;
			productName = RealmSwift;
		};
/* End XCSwiftPackageProductDependency section */
	};
	rootObject = 6C2A3D7025ECC8A200E53334 /* Project object */;
}
